
Microsoft Visual Studio Solution File, Format Version 12.00
# Visual Studio 15
VisualStudioVersion = 15.0.28307.852
MinimumVisualStudioVersion = 10.0.40219.1
Project("{FAE04EC0-301F-11D3-BF4B-00C04F79EFBC}") = "MyWebServer", "MyWebServer\MyWebServer.csproj", "{D93061BF-900A-4FC8-8F4D-9EE387ABD03F}"
EndProject
Project("{FAE04EC0-301F-11D3-BF4B-00C04F79EFBC}") = "MyWebServer.Tests", "NUnitTestProject1\MyWebServer.Tests.csproj", "{97F0C794-7BC8-4EF7-A1A3-4C8A341A4C26}"
EndProject
Global
	GlobalSection(SolutionConfigurationPlatforms) = preSolution
		Debug|Any CPU = Debug|Any CPU
		Release|Any CPU = Release|Any CPU
	EndGlobalSection
	GlobalSection(ProjectConfigurationPlatforms) = postSolution
		{D93061BF-900A-4FC8-8F4D-9EE387ABD03F}.Debug|Any CPU.ActiveCfg = Debug|Any CPU
		{D93061BF-900A-4FC8-8F4D-9EE387ABD03F}.Debug|Any CPU.Build.0 = Debug|Any CPU
		{D93061BF-900A-4FC8-8F4D-9EE387ABD03F}.Release|Any CPU.ActiveCfg = Release|Any CPU
		{D93061BF-900A-4FC8-8F4D-9EE387ABD03F}.Release|Any CPU.Build.0 = Release|Any CPU
		{97F0C794-7BC8-4EF7-A1A3-4C8A341A4C26}.Debug|Any CPU.ActiveCfg = Debug|Any CPU
		{97F0C794-7BC8-4EF7-A1A3-4C8A341A4C26}.Debug|Any CPU.Build.0 = Debug|Any CPU
		{97F0C794-7BC8-4EF7-A1A3-4C8A341A4C26}.Release|Any CPU.ActiveCfg = Release|Any CPU
		{97F0C794-7BC8-4EF7-A1A3-4C8A341A4C26}.Release|Any CPU.Build.0 = Release|Any CPU
	EndGlobalSection
	GlobalSection(SolutionProperties) = preSolution
		HideSolutionNode = FALSE
	EndGlobalSection
	GlobalSection(ExtensibilityGlobals) = postSolution
		SolutionGuid = {C8E8B7EA-7C13-4C7A-A582-AD27A820DF01}
	EndGlobalSection
EndGlobal
